// !$*UTF8*$!
{
	archiveVersion = 1;
	classes = {
	};
	objectVersion = 48;
	objects = {

/* Begin PBXBuildFile section */
		B9D633AB201167C900F8B006 /* IssuesViewController.swift in Sources */ = {isa = PBXBuildFile; fileRef = B9D633A8201167C900F8B006 /* IssuesViewController.swift */; };
		B9D633AC201167C900F8B006 /* AppDelegate.swift in Sources */ = {isa = PBXBuildFile; fileRef = B9D633AA201167C900F8B006 /* AppDelegate.swift */; };
		B9D633AF201167D000F8B006 /* AppTests.swift in Sources */ = {isa = PBXBuildFile; fileRef = B9D633AE201167D000F8B006 /* AppTests.swift */; };
		B9D633B8201167DF00F8B006 /* Assets.xcassets in Resources */ = {isa = PBXBuildFile; fileRef = B9D633B3201167DF00F8B006 /* Assets.xcassets */; };
		B9D633B9201167DF00F8B006 /* LaunchScreen.storyboard in Resources */ = {isa = PBXBuildFile; fileRef = B9D633B4201167DF00F8B006 /* LaunchScreen.storyboard */; };
		B9D633BA201167DF00F8B006 /* Main.storyboard in Resources */ = {isa = PBXBuildFile; fileRef = B9D633B6201167DF00F8B006 /* Main.storyboard */; };
		B9D633C62011696600F8B006 /* IssuesKit.framework in Frameworks */ = {isa = PBXBuildFile; fileRef = B9D633C72011696600F8B006 /* IssuesKit.framework */; };
		B9D633C92011697900F8B006 /* IssuesKit.framework in Copy Frameworks */ = {isa = PBXBuildFile; fileRef = B9D633C72011696600F8B006 /* IssuesKit.framework */; settings = {ATTRIBUTES = (CodeSignOnCopy, RemoveHeadersOnCopy, ); }; };
		B9D633CB2011698600F8B006 /* IssuesKit.framework in Copy Frameworks */ = {isa = PBXBuildFile; fileRef = B9D633C72011696600F8B006 /* IssuesKit.framework */; settings = {ATTRIBUTES = (CodeSignOnCopy, RemoveHeadersOnCopy, ); }; };
		B9D633CE2011699D00F8B006 /* GitHubKit.framework in Copy Frameworks */ = {isa = PBXBuildFile; fileRef = B9D633CD2011699900F8B006 /* GitHubKit.framework */; settings = {ATTRIBUTES = (CodeSignOnCopy, RemoveHeadersOnCopy, ); }; };
		B9D633CF201169A100F8B006 /* GitHubKit.framework in Copy Frameworks */ = {isa = PBXBuildFile; fileRef = B9D633CD2011699900F8B006 /* GitHubKit.framework */; settings = {ATTRIBUTES = (CodeSignOnCopy, RemoveHeadersOnCopy, ); }; };
		B9D633D6201172E600F8B006 /* IssueCell.swift in Sources */ = {isa = PBXBuildFile; fileRef = B9D633D5201172E600F8B006 /* IssueCell.swift */; };
		B9D633DF20117A4C00F8B006 /* NavigationController.swift in Sources */ = {isa = PBXBuildFile; fileRef = B9D633DE20117A4C00F8B006 /* NavigationController.swift */; };
		B9D633E220117B0300F8B006 /* LoginViewController.swift in Sources */ = {isa = PBXBuildFile; fileRef = B9D633E120117B0300F8B006 /* LoginViewController.swift */; };
/* End PBXBuildFile section */

/* Begin PBXContainerItemProxy section */
		B9D633982011677000F8B006 /* PBXContainerItemProxy */ = {
			isa = PBXContainerItemProxy;
			containerPortal = B9D6337B2011677000F8B006 /* Project object */;
			proxyType = 1;
			remoteGlobalIDString = B9D633822011677000F8B006;
			remoteInfo = App;
		};
/* End PBXContainerItemProxy section */

/* Begin PBXCopyFilesBuildPhase section */
		B9D633C82011696F00F8B006 /* Copy Frameworks */ = {
			isa = PBXCopyFilesBuildPhase;
			buildActionMask = 2147483647;
			dstPath = "";
			dstSubfolderSpec = 10;
			files = (
				B9D633C92011697900F8B006 /* IssuesKit.framework in Copy Frameworks */,
				B9D633CE2011699D00F8B006 /* GitHubKit.framework in Copy Frameworks */,
			);
			name = "Copy Frameworks";
			runOnlyForDeploymentPostprocessing = 0;
		};
		B9D633CA2011697F00F8B006 /* Copy Frameworks */ = {
			isa = PBXCopyFilesBuildPhase;
			buildActionMask = 2147483647;
			dstPath = "";
			dstSubfolderSpec = 7;
			files = (
				B9D633CB2011698600F8B006 /* IssuesKit.framework in Copy Frameworks */,
				B9D633CF201169A100F8B006 /* GitHubKit.framework in Copy Frameworks */,
			);
			name = "Copy Frameworks";
			runOnlyForDeploymentPostprocessing = 0;
		};
/* End PBXCopyFilesBuildPhase section */

/* Begin PBXFileReference section */
		B9D633832011677000F8B006 /* App.app */ = {isa = PBXFileReference; explicitFileType = wrapper.application; includeInIndex = 0; path = App.app; sourceTree = BUILT_PRODUCTS_DIR; };
		B9D633972011677000F8B006 /* AppTests.xctest */ = {isa = PBXFileReference; explicitFileType = wrapper.cfbundle; includeInIndex = 0; path = AppTests.xctest; sourceTree = BUILT_PRODUCTS_DIR; };
		B9D633A8201167C900F8B006 /* IssuesViewController.swift */ = {isa = PBXFileReference; fileEncoding = 4; lastKnownFileType = sourcecode.swift; path = IssuesViewController.swift; sourceTree = "<group>"; };
		B9D633AA201167C900F8B006 /* AppDelegate.swift */ = {isa = PBXFileReference; fileEncoding = 4; lastKnownFileType = sourcecode.swift; path = AppDelegate.swift; sourceTree = "<group>"; };
		B9D633AE201167D000F8B006 /* AppTests.swift */ = {isa = PBXFileReference; fileEncoding = 4; lastKnownFileType = sourcecode.swift; path = AppTests.swift; sourceTree = "<group>"; };
		B9D633B0201167D700F8B006 /* Info.plist */ = {isa = PBXFileReference; lastKnownFileType = text.plist.xml; path = Info.plist; sourceTree = "<group>"; };
		B9D633B1201167D700F8B006 /* Tests.plist */ = {isa = PBXFileReference; lastKnownFileType = text.plist.xml; path = Tests.plist; sourceTree = "<group>"; };
		B9D633B3201167DF00F8B006 /* Assets.xcassets */ = {isa = PBXFileReference; lastKnownFileType = folder.assetcatalog; path = Assets.xcassets; sourceTree = "<group>"; };
		B9D633B5201167DF00F8B006 /* Base */ = {isa = PBXFileReference; lastKnownFileType = file.storyboard; name = Base; path = Base.lproj/LaunchScreen.storyboard; sourceTree = "<group>"; };
		B9D633B7201167DF00F8B006 /* Base */ = {isa = PBXFileReference; lastKnownFileType = file.storyboard; name = Base; path = Base.lproj/Main.storyboard; sourceTree = "<group>"; };
		B9D633C72011696600F8B006 /* IssuesKit.framework */ = {isa = PBXFileReference; explicitFileType = wrapper.framework; path = IssuesKit.framework; sourceTree = BUILT_PRODUCTS_DIR; };
		B9D633CD2011699900F8B006 /* GitHubKit.framework */ = {isa = PBXFileReference; explicitFileType = wrapper.framework; path = GitHubKit.framework; sourceTree = BUILT_PRODUCTS_DIR; };
		B9D633D5201172E600F8B006 /* IssueCell.swift */ = {isa = PBXFileReference; lastKnownFileType = sourcecode.swift; path = IssueCell.swift; sourceTree = "<group>"; };
		B9D633DE20117A4C00F8B006 /* NavigationController.swift */ = {isa = PBXFileReference; lastKnownFileType = sourcecode.swift; path = NavigationController.swift; sourceTree = "<group>"; };
		B9D633E120117B0300F8B006 /* LoginViewController.swift */ = {isa = PBXFileReference; lastKnownFileType = sourcecode.swift; path = LoginViewController.swift; sourceTree = "<group>"; };
/* End PBXFileReference section */

/* Begin PBXFrameworksBuildPhase section */
		B9D633802011677000F8B006 /* Frameworks */ = {
			isa = PBXFrameworksBuildPhase;
			buildActionMask = 2147483647;
			files = (
				B9D633C62011696600F8B006 /* IssuesKit.framework in Frameworks */,
			);
			runOnlyForDeploymentPostprocessing = 0;
		};
		B9D633942011677000F8B006 /* Frameworks */ = {
			isa = PBXFrameworksBuildPhase;
			buildActionMask = 2147483647;
			files = (
			);
			runOnlyForDeploymentPostprocessing = 0;
		};
/* End PBXFrameworksBuildPhase section */

/* Begin PBXGroup section */
		B9D6337A2011677000F8B006 = {
			isa = PBXGroup;
			children = (
				B9D633B0201167D700F8B006 /* Info.plist */,
				B9D633B1201167D700F8B006 /* Tests.plist */,
				B9D633B2201167DF00F8B006 /* Resources */,
				B9D633AD201167D000F8B006 /* Tests */,
				B9D633A6201167C900F8B006 /* Sources */,
				B9D633842011677000F8B006 /* Products */,
				B9D633C32011696100F8B006 /* Frameworks */,
			);
			sourceTree = "<group>";
		};
		B9D633842011677000F8B006 /* Products */ = {
			isa = PBXGroup;
			children = (
				B9D633832011677000F8B006 /* App.app */,
				B9D633972011677000F8B006 /* AppTests.xctest */,
			);
			name = Products;
			sourceTree = "<group>";
		};
		B9D633A6201167C900F8B006 /* Sources */ = {
			isa = PBXGroup;
			children = (
				B9D633E020117AF000F8B006 /* Login */,
				B9D633A7201167C900F8B006 /* Issues */,
				B9D633A9201167C900F8B006 /* App */,
			);
			path = Sources;
			sourceTree = "<group>";
		};
		B9D633A7201167C900F8B006 /* Issues */ = {
			isa = PBXGroup;
			children = (
				B9D633A8201167C900F8B006 /* IssuesViewController.swift */,
				B9D633D5201172E600F8B006 /* IssueCell.swift */,
			);
			path = Issues;
			sourceTree = "<group>";
		};
		B9D633A9201167C900F8B006 /* App */ = {
			isa = PBXGroup;
			children = (
				B9D633DE20117A4C00F8B006 /* NavigationController.swift */,
				B9D633AA201167C900F8B006 /* AppDelegate.swift */,
			);
			path = App;
			sourceTree = "<group>";
		};
		B9D633AD201167D000F8B006 /* Tests */ = {
			isa = PBXGroup;
			children = (
				B9D633AE201167D000F8B006 /* AppTests.swift */,
			);
			path = Tests;
			sourceTree = "<group>";
		};
		B9D633B2201167DF00F8B006 /* Resources */ = {
			isa = PBXGroup;
			children = (
				B9D633B3201167DF00F8B006 /* Assets.xcassets */,
				B9D633B4201167DF00F8B006 /* LaunchScreen.storyboard */,
				B9D633B6201167DF00F8B006 /* Main.storyboard */,
			);
			path = Resources;
			sourceTree = "<group>";
		};
		B9D633C32011696100F8B006 /* Frameworks */ = {
			isa = PBXGroup;
			children = (
				B9D633CD2011699900F8B006 /* GitHubKit.framework */,
				B9D633C72011696600F8B006 /* IssuesKit.framework */,
			);
			name = Frameworks;
			sourceTree = "<group>";
		};
		B9D633E020117AF000F8B006 /* Login */ = {
			isa = PBXGroup;
			children = (
				B9D633E120117B0300F8B006 /* LoginViewController.swift */,
			);
			path = Login;
			sourceTree = "<group>";
		};
/* End PBXGroup section */

/* Begin PBXNativeTarget section */
		B9D633822011677000F8B006 /* App */ = {
			isa = PBXNativeTarget;
			buildConfigurationList = B9D633A02011677000F8B006 /* Build configuration list for PBXNativeTarget "App" */;
			buildPhases = (
				B9D6337F2011677000F8B006 /* Sources */,
				B9D633802011677000F8B006 /* Frameworks */,
				B9D633812011677000F8B006 /* Resources */,
				B9D633C82011696F00F8B006 /* Copy Frameworks */,
			);
			buildRules = (
			);
			dependencies = (
			);
			name = App;
			productName = App;
			productReference = B9D633832011677000F8B006 /* App.app */;
			productType = "com.apple.product-type.application";
		};
		B9D633962011677000F8B006 /* AppTests */ = {
			isa = PBXNativeTarget;
			buildConfigurationList = B9D633A32011677000F8B006 /* Build configuration list for PBXNativeTarget "AppTests" */;
			buildPhases = (
				B9D633932011677000F8B006 /* Sources */,
				B9D633942011677000F8B006 /* Frameworks */,
				B9D633952011677000F8B006 /* Resources */,
				B9D633CA2011697F00F8B006 /* Copy Frameworks */,
			);
			buildRules = (
			);
			dependencies = (
				B9D633992011677000F8B006 /* PBXTargetDependency */,
			);
			name = AppTests;
			productName = AppTests;
			productReference = B9D633972011677000F8B006 /* AppTests.xctest */;
			productType = "com.apple.product-type.bundle.unit-test";
		};
/* End PBXNativeTarget section */

/* Begin PBXProject section */
		B9D6337B2011677000F8B006 /* Project object */ = {
			isa = PBXProject;
			attributes = {
				LastSwiftUpdateCheck = 0920;
				LastUpgradeCheck = 0920;
				ORGANIZATIONNAME = ppinera;
				TargetAttributes = {
					B9D633822011677000F8B006 = {
						CreatedOnToolsVersion = 9.2;
					};
					B9D633962011677000F8B006 = {
						CreatedOnToolsVersion = 9.2;
						TestTargetID = B9D633822011677000F8B006;
					};
				};
			};
			buildConfigurationList = B9D6337E2011677000F8B006 /* Build configuration list for PBXProject "App" */;
			compatibilityVersion = "Xcode 8.0";
			developmentRegion = en;
			hasScannedForEncodings = 0;
			knownRegions = (
				en,
				Base,
			);
			mainGroup = B9D6337A2011677000F8B006;
			productRefGroup = B9D633842011677000F8B006 /* Products */;
			projectDirPath = "";
			projectRoot = "";
			targets = (
				B9D633822011677000F8B006 /* App */,
				B9D633962011677000F8B006 /* AppTests */,
			);
		};
/* End PBXProject section */

/* Begin PBXResourcesBuildPhase section */
		B9D633812011677000F8B006 /* Resources */ = {
			isa = PBXResourcesBuildPhase;
			buildActionMask = 2147483647;
			files = (
				B9D633BA201167DF00F8B006 /* Main.storyboard in Resources */,
				B9D633B8201167DF00F8B006 /* Assets.xcassets in Resources */,
				B9D633B9201167DF00F8B006 /* LaunchScreen.storyboard in Resources */,
			);
			runOnlyForDeploymentPostprocessing = 0;
		};
		B9D633952011677000F8B006 /* Resources */ = {
			isa = PBXResourcesBuildPhase;
			buildActionMask = 2147483647;
			files = (
			);
			runOnlyForDeploymentPostprocessing = 0;
		};
/* End PBXResourcesBuildPhase section */

/* Begin PBXSourcesBuildPhase section */
		B9D6337F2011677000F8B006 /* Sources */ = {
			isa = PBXSourcesBuildPhase;
			buildActionMask = 2147483647;
			files = (
				B9D633AC201167C900F8B006 /* AppDelegate.swift in Sources */,
				B9D633DF20117A4C00F8B006 /* NavigationController.swift in Sources */,
				B9D633AB201167C900F8B006 /* IssuesViewController.swift in Sources */,
				B9D633E220117B0300F8B006 /* LoginViewController.swift in Sources */,
				B9D633D6201172E600F8B006 /* IssueCell.swift in Sources */,
			);
			runOnlyForDeploymentPostprocessing = 0;
		};
		B9D633932011677000F8B006 /* Sources */ = {
			isa = PBXSourcesBuildPhase;
			buildActionMask = 2147483647;
			files = (
				B9D633AF201167D000F8B006 /* AppTests.swift in Sources */,
			);
			runOnlyForDeploymentPostprocessing = 0;
		};
/* End PBXSourcesBuildPhase section */

/* Begin PBXTargetDependency section */
		B9D633992011677000F8B006 /* PBXTargetDependency */ = {
			isa = PBXTargetDependency;
			target = B9D633822011677000F8B006 /* App */;
			targetProxy = B9D633982011677000F8B006 /* PBXContainerItemProxy */;
		};
/* End PBXTargetDependency section */

/* Begin PBXVariantGroup section */
		B9D633B4201167DF00F8B006 /* LaunchScreen.storyboard */ = {
			isa = PBXVariantGroup;
			children = (
				B9D633B5201167DF00F8B006 /* Base */,
			);
			name = LaunchScreen.storyboard;
			sourceTree = "<group>";
		};
		B9D633B6201167DF00F8B006 /* Main.storyboard */ = {
			isa = PBXVariantGroup;
			children = (
				B9D633B7201167DF00F8B006 /* Base */,
			);
			name = Main.storyboard;
			sourceTree = "<group>";
		};
/* End PBXVariantGroup section */

/* Begin XCBuildConfiguration section */
		B9D6339E2011677000F8B006 /* Debug */ = {
			isa = XCBuildConfiguration;
			buildSettings = {
				ALWAYS_SEARCH_USER_PATHS = NO;
				CLANG_ANALYZER_NONNULL = YES;
				CLANG_ANALYZER_NUMBER_OBJECT_CONVERSION = YES_AGGRESSIVE;
				CLANG_CXX_LANGUAGE_STANDARD = "gnu++14";
				CLANG_CXX_LIBRARY = "libc++";
				CLANG_ENABLE_MODULES = YES;
				CLANG_ENABLE_OBJC_ARC = YES;
				CLANG_WARN_BLOCK_CAPTURE_AUTORELEASING = YES;
				CLANG_WARN_BOOL_CONVERSION = YES;
				CLANG_WARN_COMMA = YES;
				CLANG_WARN_CONSTANT_CONVERSION = YES;
				CLANG_WARN_DIRECT_OBJC_ISA_USAGE = YES_ERROR;
				CLANG_WARN_DOCUMENTATION_COMMENTS = YES;
				CLANG_WARN_EMPTY_BODY = YES;
				CLANG_WARN_ENUM_CONVERSION = YES;
				CLANG_WARN_INFINITE_RECURSION = YES;
				CLANG_WARN_INT_CONVERSION = YES;
				CLANG_WARN_NON_LITERAL_NULL_CONVERSION = YES;
				CLANG_WARN_OBJC_LITERAL_CONVERSION = YES;
				CLANG_WARN_OBJC_ROOT_CLASS = YES_ERROR;
				CLANG_WARN_RANGE_LOOP_ANALYSIS = YES;
				CLANG_WARN_STRICT_PROTOTYPES = YES;
				CLANG_WARN_SUSPICIOUS_MOVE = YES;
				CLANG_WARN_UNGUARDED_AVAILABILITY = YES_AGGRESSIVE;
				CLANG_WARN_UNREACHABLE_CODE = YES;
				CLANG_WARN__DUPLICATE_METHOD_MATCH = YES;
				COPY_PHASE_STRIP = NO;
				DEBUG_INFORMATION_FORMAT = dwarf;
				ENABLE_STRICT_OBJC_MSGSEND = YES;
				ENABLE_TESTABILITY = YES;
				GCC_C_LANGUAGE_STANDARD = gnu11;
				GCC_DYNAMIC_NO_PIC = NO;
				GCC_NO_COMMON_BLOCKS = YES;
				GCC_OPTIMIZATION_LEVEL = 0;
				GCC_PREPROCESSOR_DEFINITIONS = (
					"DEBUG=1",
					"$(inherited)",
				);
				GCC_WARN_64_TO_32_BIT_CONVERSION = YES;
				GCC_WARN_ABOUT_RETURN_TYPE = YES_ERROR;
				GCC_WARN_UNDECLARED_SELECTOR = YES;
				GCC_WARN_UNINITIALIZED_AUTOS = YES_AGGRESSIVE;
				GCC_WARN_UNUSED_FUNCTION = YES;
				GCC_WARN_UNUSED_VARIABLE = YES;
				IPHONEOS_DEPLOYMENT_TARGET = 11.2;
				MTL_ENABLE_DEBUG_INFO = YES;
				ONLY_ACTIVE_ARCH = YES;
				SDKROOT = iphoneos;
				SWIFT_ACTIVE_COMPILATION_CONDITIONS = DEBUG;
				SWIFT_OPTIMIZATION_LEVEL = "-Onone";
			};
			name = Debug;
		};
		B9D6339F2011677000F8B006 /* Release */ = {
			isa = XCBuildConfiguration;
			buildSettings = {
				ALWAYS_SEARCH_USER_PATHS = NO;
				CLANG_ANALYZER_NONNULL = YES;
				CLANG_ANALYZER_NUMBER_OBJECT_CONVERSION = YES_AGGRESSIVE;
				CLANG_CXX_LANGUAGE_STANDARD = "gnu++14";
				CLANG_CXX_LIBRARY = "libc++";
				CLANG_ENABLE_MODULES = YES;
				CLANG_ENABLE_OBJC_ARC = YES;
				CLANG_WARN_BLOCK_CAPTURE_AUTORELEASING = YES;
				CLANG_WARN_BOOL_CONVERSION = YES;
				CLANG_WARN_COMMA = YES;
				CLANG_WARN_CONSTANT_CONVERSION = YES;
				CLANG_WARN_DIRECT_OBJC_ISA_USAGE = YES_ERROR;
				CLANG_WARN_DOCUMENTATION_COMMENTS = YES;
				CLANG_WARN_EMPTY_BODY = YES;
				CLANG_WARN_ENUM_CONVERSION = YES;
				CLANG_WARN_INFINITE_RECURSION = YES;
				CLANG_WARN_INT_CONVERSION = YES;
				CLANG_WARN_NON_LITERAL_NULL_CONVERSION = YES;
				CLANG_WARN_OBJC_LITERAL_CONVERSION = YES;
				CLANG_WARN_OBJC_ROOT_CLASS = YES_ERROR;
				CLANG_WARN_RANGE_LOOP_ANALYSIS = YES;
				CLANG_WARN_STRICT_PROTOTYPES = YES;
				CLANG_WARN_SUSPICIOUS_MOVE = YES;
				CLANG_WARN_UNGUARDED_AVAILABILITY = YES_AGGRESSIVE;
				CLANG_WARN_UNREACHABLE_CODE = YES;
				CLANG_WARN__DUPLICATE_METHOD_MATCH = YES;
				COPY_PHASE_STRIP = NO;
				DEBUG_INFORMATION_FORMAT = "dwarf-with-dsym";
				ENABLE_NS_ASSERTIONS = NO;
				ENABLE_STRICT_OBJC_MSGSEND = YES;
				GCC_C_LANGUAGE_STANDARD = gnu11;
				GCC_NO_COMMON_BLOCKS = YES;
				GCC_WARN_64_TO_32_BIT_CONVERSION = YES;
				GCC_WARN_ABOUT_RETURN_TYPE = YES_ERROR;
				GCC_WARN_UNDECLARED_SELECTOR = YES;
				GCC_WARN_UNINITIALIZED_AUTOS = YES_AGGRESSIVE;
				GCC_WARN_UNUSED_FUNCTION = YES;
				GCC_WARN_UNUSED_VARIABLE = YES;
				IPHONEOS_DEPLOYMENT_TARGET = 11.2;
				MTL_ENABLE_DEBUG_INFO = NO;
				SDKROOT = iphoneos;
				SWIFT_OPTIMIZATION_LEVEL = "-Owholemodule";
				VALIDATE_PRODUCT = YES;
			};
			name = Release;
		};
		B9D633A12011677000F8B006 /* Debug */ = {
			isa = XCBuildConfiguration;
			buildSettings = {
				ASSETCATALOG_COMPILER_APPICON_NAME = AppIcon;
				INFOPLIST_FILE = Info.plist;
				LD_RUNPATH_SEARCH_PATHS = "$(inherited) @executable_path/Frameworks";
				PRODUCT_BUNDLE_IDENTIFIER = es.ppinera.App;
				PRODUCT_NAME = "$(TARGET_NAME)";
				SWIFT_VERSION = 4.0;
				TARGETED_DEVICE_FAMILY = "1,2";
			};
			name = Debug;
		};
		B9D633A22011677000F8B006 /* Release */ = {
			isa = XCBuildConfiguration;
			buildSettings = {
				ASSETCATALOG_COMPILER_APPICON_NAME = AppIcon;
				INFOPLIST_FILE = Info.plist;
				LD_RUNPATH_SEARCH_PATHS = "$(inherited) @executable_path/Frameworks";
				PRODUCT_BUNDLE_IDENTIFIER = es.ppinera.App;
				PRODUCT_NAME = "$(TARGET_NAME)";
				SWIFT_VERSION = 4.0;
				TARGETED_DEVICE_FAMILY = "1,2";
			};
			name = Release;
		};
		B9D633A42011677000F8B006 /* Debug */ = {
			isa = XCBuildConfiguration;
			buildSettings = {
				ALWAYS_EMBED_SWIFT_STANDARD_LIBRARIES = YES;
				BUNDLE_LOADER = "$(TEST_HOST)";
				INFOPLIST_FILE = Tests.plist;
				LD_RUNPATH_SEARCH_PATHS = "$(inherited) @executable_path/Frameworks @loader_path/Frameworks";
				PRODUCT_BUNDLE_IDENTIFIER = es.ppinera.AppTests;
				PRODUCT_NAME = "$(TARGET_NAME)";
				SWIFT_VERSION = 4.0;
				TARGETED_DEVICE_FAMILY = "1,2";
				TEST_HOST = "$(BUILT_PRODUCTS_DIR)/App.app/App";
			};
			name = Debug;
		};
		B9D633A52011677000F8B006 /* Release */ = {
			isa = XCBuildConfiguration;
			buildSettings = {
				ALWAYS_EMBED_SWIFT_STANDARD_LIBRARIES = YES;
				BUNDLE_LOADER = "$(TEST_HOST)";
				INFOPLIST_FILE = Tests.plist;
				LD_RUNPATH_SEARCH_PATHS = "$(inherited) @executable_path/Frameworks @loader_path/Frameworks";
				PRODUCT_BUNDLE_IDENTIFIER = es.ppinera.AppTests;
				PRODUCT_NAME = "$(TARGET_NAME)";
				SWIFT_VERSION = 4.0;
				TARGETED_DEVICE_FAMILY = "1,2";
				TEST_HOST = "$(BUILT_PRODUCTS_DIR)/App.app/App";
			};
			name = Release;
		};
/* End XCBuildConfiguration section */

/* Begin XCConfigurationList section */
		B9D6337E2011677000F8B006 /* Build configuration list for PBXProject "App" */ = {
			isa = XCConfigurationList;
			buildConfigurations = (
				B9D6339E2011677000F8B006 /* Debug */,
				B9D6339F2011677000F8B006 /* Release */,
			);
			defaultConfigurationIsVisible = 0;
			defaultConfigurationName = Release;
		};
		B9D633A02011677000F8B006 /* Build configuration list for PBXNativeTarget "App" */ = {
			isa = XCConfigurationList;
			buildConfigurations = (
				B9D633A12011677000F8B006 /* Debug */,
				B9D633A22011677000F8B006 /* Release */,
			);
			defaultConfigurationIsVisible = 0;
			defaultConfigurationName = Release;
		};
		B9D633A32011677000F8B006 /* Build configuration list for PBXNativeTarget "AppTests" */ = {
			isa = XCConfigurationList;
			buildConfigurations = (
				B9D633A42011677000F8B006 /* Debug */,
				B9D633A52011677000F8B006 /* Release */,
			);
			defaultConfigurationIsVisible = 0;
			defaultConfigurationName = Release;
		};
/* End XCConfigurationList section */
	};
	rootObject = B9D6337B2011677000F8B006 /* Project object */;
}
